
Microsoft Visual Studio Solution File, Format Version 12.00
Project("{FAE04EC0-301F-11D3-BF4B-00C04F79EFBC}") = "BeicyMarket.2P.API", "BeicyMarket.2P.API\BeicyMarket.2P.API.csproj", "{D2C9DC49-96CA-4990-83C8-46C843D94560}"
EndProject
Project("{FAE04EC0-301F-11D3-BF4B-00C04F79EFBC}") = "BeicyMarket.2P.CORE", "BeicyMarket.2P.CORE\BeicyMarket.2P.CORE.csproj", "{D6A8811B-AAC2-4565-9F17-F1F41EA16D4F}"
EndProject
Global
	GlobalSection(SolutionConfigurationPlatforms) = preSolution
		Debug|Any CPU = Debug|Any CPU
		Release|Any CPU = Release|Any CPU
	EndGlobalSection
	GlobalSection(ProjectConfigurationPlatforms) = postSolution
		{D2C9DC49-96CA-4990-83C8-46C843D94560}.Debug|Any CPU.ActiveCfg = Debug|Any CPU
		{D2C9DC49-96CA-4990-83C8-46C843D94560}.Debug|Any CPU.Build.0 = Debug|Any CPU
		{D2C9DC49-96CA-4990-83C8-46C843D94560}.Release|Any CPU.ActiveCfg = Release|Any CPU
		{D2C9DC49-96CA-4990-83C8-46C843D94560}.Release|Any CPU.Build.0 = Release|Any CPU
		{D6A8811B-AAC2-4565-9F17-F1F41EA16D4F}.Debug|Any CPU.ActiveCfg = Debug|Any CPU
		{D6A8811B-AAC2-4565-9F17-F1F41EA16D4F}.Debug|Any CPU.Build.0 = Debug|Any CPU
		{D6A8811B-AAC2-4565-9F17-F1F41EA16D4F}.Release|Any CPU.ActiveCfg = Release|Any CPU
		{D6A8811B-AAC2-4565-9F17-F1F41EA16D4F}.Release|Any CPU.Build.0 = Release|Any CPU
	EndGlobalSection
EndGlobal
